{
  "version": 4,
  "terraform_version": "1.14.4",
  "serial": 121,
  "lineage": "3a443f17-d47c-2d2a-d4a3-25cb64c4ec72",
  "outputs": {},
  "resources": [
    {
      "module": "module.kubernetes.module.client",
      "mode": "managed",
      "type": "keycloak_openid_client",
      "name": "openid_client",
      "provider": "provider[\"registry.terraform.io/mrparkers/keycloak\"]",
      "instances": [
        {
          "index_key": "kubernetes",
          "schema_version": 0,
          "attributes": {
            "access_token_lifespan": "",
            "access_type": "PUBLIC",
            "admin_url": "",
            "authentication_flow_binding_overrides": [],
            "authorization": [],
            "backchannel_logout_revoke_offline_sessions": false,
            "backchannel_logout_session_required": true,
            "backchannel_logout_url": "",
            "base_url": "",
            "client_authenticator_type": "client-secret",
            "client_id": "kubernetes",
            "client_offline_session_idle_timeout": "",
            "client_offline_session_max_lifespan": "",
            "client_secret": "",
            "client_session_idle_timeout": "",
            "client_session_max_lifespan": "",
            "consent_required": false,
            "consent_screen_text": "",
            "description": "",
            "direct_access_grants_enabled": false,
            "display_on_consent_screen": false,
            "enabled": true,
            "exclude_session_state_from_auth_response": null,
            "extra_config": null,
            "frontchannel_logout_enabled": false,
            "frontchannel_logout_url": "",
            "full_scope_allowed": true,
            "id": "2b19a8c1-5ba6-4f6e-a399-699ddbf9a236",
            "implicit_flow_enabled": false,
            "import": false,
            "login_theme": "",
            "name": "kubernetes-tf-test",
            "oauth2_device_authorization_grant_enabled": false,
            "oauth2_device_code_lifespan": "",
            "oauth2_device_polling_interval": "",
            "pkce_code_challenge_method": null,
            "realm_id": "platform-dev",
            "resource_server_id": null,
            "root_url": "",
            "service_account_user_id": "",
            "service_accounts_enabled": false,
            "standard_flow_enabled": true,
            "use_refresh_tokens": true,
            "use_refresh_tokens_client_credentials": false,
            "valid_post_logout_redirect_uris": [],
            "valid_redirect_uris": [
              "http://localhost:18000",
              "http://localhost:8000"
            ],
            "web_origins": []
          },
          "sensitive_attributes": [
            [
              {
                "type": "get_attr",
                "value": "client_secret"
              }
            ]
          ],
          "identity_schema_version": 0,
          "private": "bnVsbA==",
          "dependencies": [
            "module.realm.keycloak_realm.realm"
          ]
        }
      ]
    },
    {
      "module": "module.kubernetes.module.client_scopes",
      "mode": "managed",
      "type": "keycloak_openid_client_scope",
      "name": "openid_client_scope",
      "provider": "provider[\"registry.terraform.io/mrparkers/keycloak\"]",
      "instances": [
        {
          "index_key": "groups",
          "schema_version": 0,
          "attributes": {
            "consent_screen_text": null,
            "description": "This contains user group",
            "gui_order": null,
            "id": "f7d04723-e66d-4b58-9f67-c9976adbcdce",
            "include_in_token_scope": true,
            "name": "groups",
            "realm_id": "platform-dev"
          },
          "sensitive_attributes": [],
          "identity_schema_version": 0,
          "private": "bnVsbA==",
          "dependencies": [
            "module.realm.keycloak_realm.realm"
          ]
        },
        {
          "index_key": "name",
          "schema_version": 0,
          "attributes": {
            "consent_screen_text": null,
            "description": "This contains user names",
            "gui_order": null,
            "id": "0536b3ec-df6b-465a-93c9-c9927dbb7cfe",
            "include_in_token_scope": true,
            "name": "name",
            "realm_id": "platform-dev"
          },
          "sensitive_attributes": [],
          "identity_schema_version": 0,
          "private": "bnVsbA==",
          "dependencies": [
            "module.realm.keycloak_realm.realm"
          ]
        }
      ]
    },
    {
      "module": "module.kubernetes.module.default_client_scopes",
      "mode": "managed",
      "type": "keycloak_openid_client_default_scopes",
      "name": "client_default_scopes",
      "provider": "provider[\"registry.terraform.io/mrparkers/keycloak\"]",
      "instances": [
        {
          "schema_version": 0,
          "attributes": {
            "client_id": "2b19a8c1-5ba6-4f6e-a399-699ddbf9a236",
            "default_scopes": [
              "groups",
              "name"
            ],
            "id": "platform-dev/2b19a8c1-5ba6-4f6e-a399-699ddbf9a236",
            "realm_id": "platform-dev"
          },
          "sensitive_attributes": [],
          "identity_schema_version": 0,
          "private": "bnVsbA==",
          "dependencies": [
            "module.kubernetes.module.client.keycloak_openid_client.openid_client",
            "module.realm.keycloak_realm.realm"
          ]
        }
      ]
    },
    {
      "module": "module.kubernetes.module.group_membership_mappers",
      "mode": "managed",
      "type": "keycloak_openid_group_membership_protocol_mapper",
      "name": "group_membership_mapper",
      "provider": "provider[\"registry.terraform.io/mrparkers/keycloak\"]",
      "instances": [
        {
          "index_key": "groups",
          "schema_version": 0,
          "attributes": {
            "add_to_access_token": true,
            "add_to_id_token": true,
            "add_to_userinfo": true,
            "claim_name": "groups",
            "client_id": null,
            "client_scope_id": "f7d04723-e66d-4b58-9f67-c9976adbcdce",
            "full_path": true,
            "id": "28ad4060-2c88-44b4-9132-c921775c098f",
            "name": "groups",
            "realm_id": "platform-dev"
          },
          "sensitive_attributes": [],
          "identity_schema_version": 0,
          "private": "bnVsbA==",
          "dependencies": [
            "module.kubernetes.module.client_scopes.keycloak_openid_client_scope.openid_client_scope",
            "module.realm.keycloak_realm.realm"
          ]
        }
      ]
    },
    {
      "module": "module.kubernetes.module.group_users",
      "mode": "managed",
      "type": "keycloak_group_memberships",
      "name": "group_members",
      "provider": "provider[\"registry.terraform.io/mrparkers/keycloak\"]",
      "instances": [
        {
          "index_key": "clusterAdmin",
          "schema_version": 0,
          "attributes": {
            "group_id": "7a6561c8-3f63-47c9-9554-98613d41c033",
            "id": "platform-dev/group-memberships/7a6561c8-3f63-47c9-9554-98613d41c033",
            "members": [
              "admin"
            ],
            "realm_id": "platform-dev"
          },
          "sensitive_attributes": [],
          "identity_schema_version": 0,
          "private": "bnVsbA==",
          "dependencies": [
            "module.kubernetes.module.groups.keycloak_group.group",
            "module.realm.keycloak_realm.realm"
          ]
        },
        {
          "index_key": "podViewer",
          "schema_version": 0,
          "attributes": {
            "group_id": "f31719da-b3b8-474c-941a-0d210a310fc8",
            "id": "platform-dev/group-memberships/f31719da-b3b8-474c-941a-0d210a310fc8",
            "members": [
              "restricted-user"
            ],
            "realm_id": "platform-dev"
          },
          "sensitive_attributes": [],
          "identity_schema_version": 0,
          "private": "bnVsbA==",
          "dependencies": [
            "module.kubernetes.module.groups.keycloak_group.group",
            "module.realm.keycloak_realm.realm"
          ]
        }
      ]
    },
    {
      "module": "module.kubernetes.module.groups",
      "mode": "managed",
      "type": "keycloak_group",
      "name": "group",
      "provider": "provider[\"registry.terraform.io/mrparkers/keycloak\"]",
      "instances": [
        {
          "index_key": "clusterAdmin",
          "schema_version": 0,
          "attributes": {
            "attributes": null,
            "id": "7a6561c8-3f63-47c9-9554-98613d41c033",
            "name": "clusterAdmin",
            "parent_id": null,
            "path": "/clusterAdmin",
            "realm_id": "platform-dev"
          },
          "sensitive_attributes": [],
          "identity_schema_version": 0,
          "private": "bnVsbA==",
          "dependencies": [
            "module.realm.keycloak_realm.realm"
          ]
        },
        {
          "index_key": "podViewer",
          "schema_version": 0,
          "attributes": {
            "attributes": null,
            "id": "f31719da-b3b8-474c-941a-0d210a310fc8",
            "name": "podViewer",
            "parent_id": null,
            "path": "/podViewer",
            "realm_id": "platform-dev"
          },
          "sensitive_attributes": [],
          "identity_schema_version": 0,
          "private": "bnVsbA==",
          "dependencies": [
            "module.realm.keycloak_realm.realm"
          ]
        }
      ]
    },
    {
      "module": "module.kubernetes.module.user_attribute_mappers",
      "mode": "managed",
      "type": "keycloak_openid_user_attribute_protocol_mapper",
      "name": "user_attribute_mapper",
      "provider": "provider[\"registry.terraform.io/mrparkers/keycloak\"]",
      "instances": [
        {
          "index_key": "name",
          "schema_version": 0,
          "attributes": {
            "add_to_access_token": true,
            "add_to_id_token": true,
            "add_to_userinfo": true,
            "aggregate_attributes": false,
            "claim_name": "name",
            "claim_value_type": "String",
            "client_id": null,
            "client_scope_id": "0536b3ec-df6b-465a-93c9-c9927dbb7cfe",
            "id": "0c4ceeac-f57b-4893-a736-b65b7c1b7306",
            "multivalued": false,
            "name": "name",
            "realm_id": "platform-dev",
            "user_attribute": "name"
          },
          "sensitive_attributes": [],
          "identity_schema_version": 0,
          "private": "bnVsbA==",
          "dependencies": [
            "module.kubernetes.module.client_scopes.keycloak_openid_client_scope.openid_client_scope",
            "module.realm.keycloak_realm.realm"
          ]
        }
      ]
    },
    {
      "module": "module.kubernetes.module.users",
      "mode": "managed",
      "type": "keycloak_user",
      "name": "user",
      "provider": "provider[\"registry.terraform.io/mrparkers/keycloak\"]",
      "instances": [
        {
          "index_key": "admin",
          "schema_version": 0,
          "attributes": {
            "attributes": null,
            "email": "admin@test.com",
            "email_verified": false,
            "enabled": true,
            "federated_identity": [],
            "first_name": "",
            "id": "dcbc8c77-295c-4235-b6db-baa8731e58f0",
            "initial_password": [
              {
                "temporary": true,
                "value": "CHANGEME!"
              }
            ],
            "last_name": "",
            "realm_id": "platform-dev",
            "required_actions": [
              "UPDATE_PASSWORD"
            ],
            "username": "admin"
          },
          "sensitive_attributes": [
            [
              {
                "type": "get_attr",
                "value": "initial_password"
              },
              {
                "type": "index",
                "value": {
                  "value": 0,
                  "type": "number"
                }
              },
              {
                "type": "get_attr",
                "value": "value"
              }
            ]
          ],
          "identity_schema_version": 0,
          "private": "bnVsbA==",
          "dependencies": [
            "module.realm.keycloak_realm.realm"
          ]
        },
        {
          "index_key": "restricted-user",
          "schema_version": 0,
          "attributes": {
            "attributes": null,
            "email": "restricted@test.com",
            "email_verified": false,
            "enabled": true,
            "federated_identity": [],
            "first_name": "",
            "id": "61e4d0fd-e8a2-4d47-9ef9-313bc8139819",
            "initial_password": [
              {
                "temporary": true,
                "value": "CHANGEME!"
              }
            ],
            "last_name": "",
            "realm_id": "platform-dev",
            "required_actions": [
              "UPDATE_PASSWORD"
            ],
            "username": "restricted-user"
          },
          "sensitive_attributes": [
            [
              {
                "type": "get_attr",
                "value": "initial_password"
              },
              {
                "type": "index",
                "value": {
                  "value": 0,
                  "type": "number"
                }
              },
              {
                "type": "get_attr",
                "value": "value"
              }
            ]
          ],
          "identity_schema_version": 0,
          "private": "bnVsbA==",
          "dependencies": [
            "module.realm.keycloak_realm.realm"
          ]
        }
      ]
    },
    {
      "module": "module.realm",
      "mode": "managed",
      "type": "keycloak_realm",
      "name": "realm",
      "provider": "provider[\"registry.terraform.io/mrparkers/keycloak\"]",
      "instances": [
        {
          "schema_version": 0,
          "attributes": {
            "access_code_lifespan": "1m0s",
            "access_code_lifespan_login": "30m0s",
            "access_code_lifespan_user_action": "5m0s",
            "access_token_lifespan": "5m0s",
            "access_token_lifespan_for_implicit_flow": "15m0s",
            "account_theme": "",
            "action_token_generated_by_admin_lifespan": "12h0m0s",
            "action_token_generated_by_user_lifespan": "5m0s",
            "admin_theme": "",
            "attributes": null,
            "browser_flow": "browser",
            "client_authentication_flow": "clients",
            "client_session_idle_timeout": "0s",
            "client_session_max_lifespan": "0s",
            "default_default_client_scopes": null,
            "default_optional_client_scopes": null,
            "default_signature_algorithm": "",
            "direct_grant_flow": "direct grant",
            "display_name": "platform-dev",
            "display_name_html": "",
            "docker_authentication_flow": "docker auth",
            "duplicate_emails_allowed": false,
            "edit_username_allowed": false,
            "email_theme": "",
            "enabled": true,
            "id": "platform-dev",
            "internal_id": "platform-dev",
            "internationalization": [],
            "login_theme": "",
            "login_with_email_allowed": false,
            "oauth2_device_code_lifespan": "10m0s",
            "oauth2_device_polling_interval": 5,
            "offline_session_idle_timeout": "720h0m0s",
            "offline_session_max_lifespan": "1440h0m0s",
            "offline_session_max_lifespan_enabled": false,
            "otp_policy": [
              {
                "algorithm": "HmacSHA1",
                "digits": 6,
                "initial_counter": 0,
                "look_ahead_window": 1,
                "period": 30,
                "type": "totp"
              }
            ],
            "password_policy": "",
            "realm": "platform-dev",
            "refresh_token_max_reuse": 0,
            "registration_allowed": false,
            "registration_email_as_username": false,
            "registration_flow": "registration",
            "remember_me": false,
            "reset_credentials_flow": "reset credentials",
            "reset_password_allowed": false,
            "revoke_refresh_token": false,
            "security_defenses": [],
            "smtp_server": [],
            "ssl_required": "external",
            "sso_session_idle_timeout": "30m0s",
            "sso_session_idle_timeout_remember_me": "0s",
            "sso_session_max_lifespan": "10h0m0s",
            "sso_session_max_lifespan_remember_me": "0s",
            "user_managed_access": false,
            "verify_email": false,
            "web_authn_passwordless_policy": [
              {
                "acceptable_aaguids": [],
                "attestation_conveyance_preference": "not specified",
                "authenticator_attachment": "not specified",
                "avoid_same_authenticator_register": false,
                "create_timeout": 0,
                "relying_party_entity_name": "keycloak",
                "relying_party_id": "",
                "require_resident_key": "not specified",
                "signature_algorithms": [
                  "ES256",
                  "RS256"
                ],
                "user_verification_requirement": "not specified"
              }
            ],
            "web_authn_policy": [
              {
                "acceptable_aaguids": [],
                "attestation_conveyance_preference": "not specified",
                "authenticator_attachment": "not specified",
                "avoid_same_authenticator_register": false,
                "create_timeout": 0,
                "relying_party_entity_name": "keycloak",
                "relying_party_id": "",
                "require_resident_key": "not specified",
                "signature_algorithms": [
                  "ES256",
                  "RS256"
                ],
                "user_verification_requirement": "not specified"
              }
            ]
          },
          "sensitive_attributes": [],
          "identity_schema_version": 0,
          "private": "bnVsbA=="
        }
      ]
    }
  ],
  "check_results": [
    {
      "object_kind": "var",
      "config_addr": "module.kubernetes.module.client.var.clients",
      "status": "pass",
      "objects": [
        {
          "object_addr": "module.kubernetes.module.client.var.clients",
          "status": "pass"
        }
      ]
    }
  ]
}
